
Microsoft Visual Studio Solution File, Format Version 12.00
# Visual Studio 15
VisualStudioVersion = 15.0.27428.2005
MinimumVisualStudioVersion = 10.0.40219.1
Project("{9A19103F-16F7-4668-BE54-9A1E7A4F7556}") = "Store", "Store\Store.csproj", "{848F3D62-E48B-4804-BBF7-A3D21A278414}"
EndProject
Project("{9A19103F-16F7-4668-BE54-9A1E7A4F7556}") = "Store.Tests", "Store.Tests\Store.Tests.csproj", "{40C06789-126F-4084-8A18-EB5657ED5704}"
EndProject
Global
	GlobalSection(SolutionConfigurationPlatforms) = preSolution
		Debug|Any CPU = Debug|Any CPU
		Release|Any CPU = Release|Any CPU
	EndGlobalSection
	GlobalSection(ProjectConfigurationPlatforms) = postSolution
		{848F3D62-E48B-4804-BBF7-A3D21A278414}.Debug|Any CPU.ActiveCfg = Debug|Any CPU
		{848F3D62-E48B-4804-BBF7-A3D21A278414}.Debug|Any CPU.Build.0 = Debug|Any CPU
		{848F3D62-E48B-4804-BBF7-A3D21A278414}.Release|Any CPU.ActiveCfg = Release|Any CPU
		{848F3D62-E48B-4804-BBF7-A3D21A278414}.Release|Any CPU.Build.0 = Release|Any CPU
		{40C06789-126F-4084-8A18-EB5657ED5704}.Debug|Any CPU.ActiveCfg = Debug|Any CPU
		{40C06789-126F-4084-8A18-EB5657ED5704}.Debug|Any CPU.Build.0 = Debug|Any CPU
		{40C06789-126F-4084-8A18-EB5657ED5704}.Release|Any CPU.ActiveCfg = Release|Any CPU
		{40C06789-126F-4084-8A18-EB5657ED5704}.Release|Any CPU.Build.0 = Release|Any CPU
	EndGlobalSection
	GlobalSection(SolutionProperties) = preSolution
		HideSolutionNode = FALSE
	EndGlobalSection
	GlobalSection(ExtensibilityGlobals) = postSolution
		SolutionGuid = {264878EC-5C6D-4C75-B835-FEF3D1B6240C}
	EndGlobalSection
EndGlobal
